{
  "name": "market-data-clean",
  "lockfileVersion": 3,
  "requires": true,
  "packages": {
    "": {
      "dependencies": {
        "my-opencode": "^1.2.1"
      }
    },
    "node_modules/my-opencode": {
      "version": "1.2.1",
      "resolved": "https://registry.npmjs.org/my-opencode/-/my-opencode-1.2.1.tgz",
      "integrity": "sha512-b5lHGcpyM+ZWFDxhGThTB1pECgQRY78cA//c5tfDDePPVwU+t2XSH5YiSMvEA/0odyLwMUUgIlyh0I9Eydw0Vw==",
      "hasInstallScript": true,
      "license": "MIT",
      "bin": {
        "my-opencode": "bin/cli.js"
      },
      "engines": {
        "node": ">=18.0.0"
      }
    }
  }
}
